
Microsoft Visual Studio Solution File, Format Version 12.00
Project("{FAE04EC0-301F-11D3-BF4B-00C04F79EFBC}") = "Battleships", "Battleships\Battleships.csproj", "{4C8030BF-374A-417F-8272-FEF6C2D296A3}"
EndProject
Project("{FAE04EC0-301F-11D3-BF4B-00C04F79EFBC}") = "BattleshipsTests", "BattleshipsTests\BattleshipsTests.csproj", "{F61B1E65-017E-418B-BCC9-B39DB78ADD5F}"
EndProject
Global
	GlobalSection(SolutionConfigurationPlatforms) = preSolution
		Debug|Any CPU = Debug|Any CPU
		Release|Any CPU = Release|Any CPU
	EndGlobalSection
	GlobalSection(ProjectConfigurationPlatforms) = postSolution
		{4C8030BF-374A-417F-8272-FEF6C2D296A3}.Debug|Any CPU.ActiveCfg = Debug|Any CPU
		{4C8030BF-374A-417F-8272-FEF6C2D296A3}.Debug|Any CPU.Build.0 = Debug|Any CPU
		{4C8030BF-374A-417F-8272-FEF6C2D296A3}.Release|Any CPU.ActiveCfg = Release|Any CPU
		{4C8030BF-374A-417F-8272-FEF6C2D296A3}.Release|Any CPU.Build.0 = Release|Any CPU
		{F61B1E65-017E-418B-BCC9-B39DB78ADD5F}.Debug|Any CPU.ActiveCfg = Debug|Any CPU
		{F61B1E65-017E-418B-BCC9-B39DB78ADD5F}.Debug|Any CPU.Build.0 = Debug|Any CPU
		{F61B1E65-017E-418B-BCC9-B39DB78ADD5F}.Release|Any CPU.ActiveCfg = Release|Any CPU
		{F61B1E65-017E-418B-BCC9-B39DB78ADD5F}.Release|Any CPU.Build.0 = Release|Any CPU
	EndGlobalSection
EndGlobal
